
Microsoft Visual Studio Solution File, Format Version 12.00
# Visual Studio Version 17
VisualStudioVersion = 17.9.34728.123
MinimumVisualStudioVersion = 10.0.40219.1
Project("{FAE04EC0-301F-11D3-BF4B-00C04F79EFBC}") = "grpcCosmos", "grpcCosmos.csproj", "{890BD5F4-B856-4B16-9D85-158EC09E0D7B}"
EndProject
Global
	GlobalSection(SolutionConfigurationPlatforms) = preSolution
		Debug|Any CPU = Debug|Any CPU
		Release|Any CPU = Release|Any CPU
	EndGlobalSection
	GlobalSection(ProjectConfigurationPlatforms) = postSolution
		{890BD5F4-B856-4B16-9D85-158EC09E0D7B}.Debug|Any CPU.ActiveCfg = Debug|Any CPU
		{890BD5F4-B856-4B16-9D85-158EC09E0D7B}.Debug|Any CPU.Build.0 = Debug|Any CPU
		{890BD5F4-B856-4B16-9D85-158EC09E0D7B}.Release|Any CPU.ActiveCfg = Release|Any CPU
		{890BD5F4-B856-4B16-9D85-158EC09E0D7B}.Release|Any CPU.Build.0 = Release|Any CPU
	EndGlobalSection
	GlobalSection(SolutionProperties) = preSolution
		HideSolutionNode = FALSE
	EndGlobalSection
	GlobalSection(ExtensibilityGlobals) = postSolution
		SolutionGuid = {25EB68C8-CDF9-4AC3-85DE-5D689CCC30A1}
	EndGlobalSection
EndGlobal
